
Microsoft Visual Studio Solution File, Format Version 11.00
# Visual Studio 2010
Project("{FAE04EC0-301F-11D3-BF4B-00C04F79EFBC}") = "Skahal.GlobalServer.Domain", "Skahal.GlobalServer.Domain\Skahal.GlobalServer.Domain.csproj", "{AB4417E6-4BEA-469A-A897-AAF613CD74EE}"
EndProject
Project("{FAE04EC0-301F-11D3-BF4B-00C04F79EFBC}") = "Skahal.GlobalServer.Domain.UnitTests", "Skahal.GlobalServer.Domain.UnitTests\Skahal.GlobalServer.Domain.UnitTests.csproj", "{242D7F42-EA02-408E-894C-92A40C349393}"
EndProject
Project("{FAE04EC0-301F-11D3-BF4B-00C04F79EFBC}") = "Skahal.GlobalServer.Infrastructure", "Skahal.GlobalServer.Infrastructure\Skahal.GlobalServer.Infrastructure.csproj", "{0C913827-0AD1-4858-95E0-F1F7C4B2069D}"
EndProject
Project("{FAE04EC0-301F-11D3-BF4B-00C04F79EFBC}") = "Skahal.GlobalServer.Web", "Skahal.GlobalServer.Web\Skahal.GlobalServer.Web.csproj", "{8518AAC7-FEAC-43F3-A7EF-BD30564B40E0}"
EndProject
Global
	GlobalSection(SolutionConfigurationPlatforms) = preSolution
		Debug|Any CPU = Debug|Any CPU
		Release|Any CPU = Release|Any CPU
	EndGlobalSection
	GlobalSection(ProjectConfigurationPlatforms) = postSolution
		{0C913827-0AD1-4858-95E0-F1F7C4B2069D}.Debug|Any CPU.ActiveCfg = Debug|Any CPU
		{0C913827-0AD1-4858-95E0-F1F7C4B2069D}.Debug|Any CPU.Build.0 = Debug|Any CPU
		{0C913827-0AD1-4858-95E0-F1F7C4B2069D}.Release|Any CPU.ActiveCfg = Release|Any CPU
		{0C913827-0AD1-4858-95E0-F1F7C4B2069D}.Release|Any CPU.Build.0 = Release|Any CPU
		{242D7F42-EA02-408E-894C-92A40C349393}.Debug|Any CPU.ActiveCfg = Debug|Any CPU
		{242D7F42-EA02-408E-894C-92A40C349393}.Debug|Any CPU.Build.0 = Debug|Any CPU
		{242D7F42-EA02-408E-894C-92A40C349393}.Release|Any CPU.ActiveCfg = Release|Any CPU
		{242D7F42-EA02-408E-894C-92A40C349393}.Release|Any CPU.Build.0 = Release|Any CPU
		{8518AAC7-FEAC-43F3-A7EF-BD30564B40E0}.Debug|Any CPU.ActiveCfg = Debug|Any CPU
		{8518AAC7-FEAC-43F3-A7EF-BD30564B40E0}.Debug|Any CPU.Build.0 = Debug|Any CPU
		{8518AAC7-FEAC-43F3-A7EF-BD30564B40E0}.Release|Any CPU.ActiveCfg = Release|Any CPU
		{8518AAC7-FEAC-43F3-A7EF-BD30564B40E0}.Release|Any CPU.Build.0 = Release|Any CPU
		{AB4417E6-4BEA-469A-A897-AAF613CD74EE}.Debug|Any CPU.ActiveCfg = Debug|Any CPU
		{AB4417E6-4BEA-469A-A897-AAF613CD74EE}.Debug|Any CPU.Build.0 = Debug|Any CPU
		{AB4417E6-4BEA-469A-A897-AAF613CD74EE}.Release|Any CPU.ActiveCfg = Release|Any CPU
		{AB4417E6-4BEA-469A-A897-AAF613CD74EE}.Release|Any CPU.Build.0 = Release|Any CPU
	EndGlobalSection
	GlobalSection(MonoDevelopProperties) = preSolution
		StartupItem = Skahal.GlobalServer.Web\Skahal.GlobalServer.Web.csproj
	EndGlobalSection
EndGlobal
